
Microsoft Visual Studio Solution File, Format Version 12.00
# Visual Studio Version 16
VisualStudioVersion = 16.0.29215.179
MinimumVisualStudioVersion = 10.0.40219.1
Project("{FAE04EC0-301F-11D3-BF4B-00C04F79EFBC}") = "Offocus", "Offocus.csproj", "{EE613CD1-02CC-4779-91A3-D774A872DE7E}"
EndProject
Global
	GlobalSection(SolutionConfigurationPlatforms) = preSolution
		Debug|Any CPU = Debug|Any CPU
		Release|Any CPU = Release|Any CPU
	EndGlobalSection
	GlobalSection(ProjectConfigurationPlatforms) = postSolution
		{EE613CD1-02CC-4779-91A3-D774A872DE7E}.Debug|Any CPU.ActiveCfg = Debug|Any CPU
		{EE613CD1-02CC-4779-91A3-D774A872DE7E}.Debug|Any CPU.Build.0 = Debug|Any CPU
		{EE613CD1-02CC-4779-91A3-D774A872DE7E}.Release|Any CPU.ActiveCfg = Release|Any CPU
		{EE613CD1-02CC-4779-91A3-D774A872DE7E}.Release|Any CPU.Build.0 = Release|Any CPU
	EndGlobalSection
	GlobalSection(SolutionProperties) = preSolution
		HideSolutionNode = FALSE
	EndGlobalSection
	GlobalSection(ExtensibilityGlobals) = postSolution
		SolutionGuid = {87577FFC-8B10-4856-90C0-C3480E4D80C9}
	EndGlobalSection
EndGlobal
